// !$*UTF8*$!
{
	archiveVersion = 1;
	classes = {
	};
	objectVersion = 56;
	objects = {

/* Begin PBXBuildFile section */
		0459AB292ACBD4F700C85AEA /* SwiftfulThinkingAdvancedApp.swift in Sources */ = {isa = PBXBuildFile; fileRef = 0459AB282ACBD4F700C85AEA /* SwiftfulThinkingAdvancedApp.swift */; };
		0459AB2D2ACBD4F900C85AEA /* Assets.xcassets in Resources */ = {isa = PBXBuildFile; fileRef = 0459AB2C2ACBD4F900C85AEA /* Assets.xcassets */; };
		0459AB302ACBD4F900C85AEA /* Preview Assets.xcassets in Resources */ = {isa = PBXBuildFile; fileRef = 0459AB2F2ACBD4F900C85AEA /* Preview Assets.xcassets */; };
		0459AB372ACBD51800C85AEA /* ViewModifierBootcamp.swift in Sources */ = {isa = PBXBuildFile; fileRef = 0459AB362ACBD51700C85AEA /* ViewModifierBootcamp.swift */; };
		0459AB392ACBDA8B00C85AEA /* ButtonStyleBootcamp.swift in Sources */ = {isa = PBXBuildFile; fileRef = 0459AB382ACBDA8B00C85AEA /* ButtonStyleBootcamp.swift */; };
		0459AB3B2ACBE27400C85AEA /* AnyTransitionView.swift in Sources */ = {isa = PBXBuildFile; fileRef = 0459AB3A2ACBE27400C85AEA /* AnyTransitionView.swift */; };
		0459AB3F2ACBF56D00C85AEA /* GenericsBootcamp.swift in Sources */ = {isa = PBXBuildFile; fileRef = 0459AB3E2ACBF56D00C85AEA /* GenericsBootcamp.swift */; };
		0459AB412ACBFA6900C85AEA /* ViewBuilderBotcamp.swift in Sources */ = {isa = PBXBuildFile; fileRef = 0459AB402ACBFA6900C85AEA /* ViewBuilderBotcamp.swift */; };
		0466FCAC2AD9992800F9CEE5 /* AppNavBarView.swift in Sources */ = {isa = PBXBuildFile; fileRef = 0466FCAB2AD9992800F9CEE5 /* AppNavBarView.swift */; };
		049C65522B06749A004F7787 /* CustomCurves.swift in Sources */ = {isa = PBXBuildFile; fileRef = 049C65512B06749A004F7787 /* CustomCurves.swift */; };
		049C65542B0DDB2C004F7787 /* AnimateableData.swift in Sources */ = {isa = PBXBuildFile; fileRef = 049C65532B0DDB2C004F7787 /* AnimateableData.swift */; };
		04F171FF2AFE72D000250DFD /* MatchedGeometryEffectBootcamp.swift in Sources */ = {isa = PBXBuildFile; fileRef = 04F171FE2AFE72D000250DFD /* MatchedGeometryEffectBootcamp.swift */; };
		04F172012AFE75DF00250DFD /* CustomShapes.swift in Sources */ = {isa = PBXBuildFile; fileRef = 04F172002AFE75DF00250DFD /* CustomShapes.swift */; };
		04F5D0832B1B725500B854AA /* PreferenceKeyBootcamp.swift in Sources */ = {isa = PBXBuildFile; fileRef = 04F5D0822B1B725500B854AA /* PreferenceKeyBootcamp.swift */; };
		04F5D0862B1B824600B854AA /* GeometryPreferenceKeyBootcamp.swift in Sources */ = {isa = PBXBuildFile; fileRef = 04F5D0852B1B824600B854AA /* GeometryPreferenceKeyBootcamp.swift */; };
		04F5D0882B1BA61600B854AA /* ScrollViewOffsetPreferenceKeyBootcamp.swift in Sources */ = {isa = PBXBuildFile; fileRef = 04F5D0872B1BA61600B854AA /* ScrollViewOffsetPreferenceKeyBootcamp.swift */; };
		04F5D08A2B26F7F700B854AA /* AppTabBarView.swift in Sources */ = {isa = PBXBuildFile; fileRef = 04F5D0892B26F7F700B854AA /* AppTabBarView.swift */; };
		04F5D08C2B26FB4D00B854AA /* CustomTabBarView.swift in Sources */ = {isa = PBXBuildFile; fileRef = 04F5D08B2B26FB4D00B854AA /* CustomTabBarView.swift */; };
		04F5D08E2B27122800B854AA /* CustobTabBarContainerView.swift in Sources */ = {isa = PBXBuildFile; fileRef = 04F5D08D2B27122800B854AA /* CustobTabBarContainerView.swift */; };
		04F5D0902B271D4A00B854AA /* TabBarItemsPreferenceKey.swift in Sources */ = {isa = PBXBuildFile; fileRef = 04F5D08F2B271D4A00B854AA /* TabBarItemsPreferenceKey.swift */; };
		04F5D0922B2722CD00B854AA /* TabBarItem.swift in Sources */ = {isa = PBXBuildFile; fileRef = 04F5D0912B2722CD00B854AA /* TabBarItem.swift */; };
		04F5D0952B29BF2100B854AA /* CustomNavBarView.swift in Sources */ = {isa = PBXBuildFile; fileRef = 04F5D0942B29BF2100B854AA /* CustomNavBarView.swift */; };
		04F5D0972B2AE34700B854AA /* CustomNavBarContainerView.swift in Sources */ = {isa = PBXBuildFile; fileRef = 04F5D0962B2AE34700B854AA /* CustomNavBarContainerView.swift */; };
		04F5D0992B2AE78800B854AA /* CustomNavView.swift in Sources */ = {isa = PBXBuildFile; fileRef = 04F5D0982B2AE78800B854AA /* CustomNavView.swift */; };
		04F5D09B2B2AEACF00B854AA /* CustomNavLink.swift in Sources */ = {isa = PBXBuildFile; fileRef = 04F5D09A2B2AEACF00B854AA /* CustomNavLink.swift */; };
		04F5D09D2B2AF3A800B854AA /* CustomNavBarPreferenceKey.swift in Sources */ = {isa = PBXBuildFile; fileRef = 04F5D09C2B2AF3A800B854AA /* CustomNavBarPreferenceKey.swift */; };
		04F5D09F2B2B1ED200B854AA /* UIViewRepresentableBootcamp.swift in Sources */ = {isa = PBXBuildFile; fileRef = 04F5D09E2B2B1ED200B854AA /* UIViewRepresentableBootcamp.swift */; };
		04F5D0A12B2B37F800B854AA /* UIViewControllerRepresentableBootcamp.swift in Sources */ = {isa = PBXBuildFile; fileRef = 04F5D0A02B2B37F800B854AA /* UIViewControllerRepresentableBootcamp.swift */; };
		04F5D0A32B2C29CE00B854AA /* ProtocolBootcamp.swift in Sources */ = {isa = PBXBuildFile; fileRef = 04F5D0A22B2C29CE00B854AA /* ProtocolBootcamp.swift */; };
		04F5D0A52B305E4400B854AA /* DependencyInjectionBootcamp.swift in Sources */ = {isa = PBXBuildFile; fileRef = 04F5D0A42B305E4400B854AA /* DependencyInjectionBootcamp.swift */; };
		04F5D0A82B309F2100B854AA /* UnitTestingView.swift in Sources */ = {isa = PBXBuildFile; fileRef = 04F5D0A72B309F2100B854AA /* UnitTestingView.swift */; };
		04F5D0AA2B30A20700B854AA /* UnitTestingViewModel.swift in Sources */ = {isa = PBXBuildFile; fileRef = 04F5D0A92B30A20700B854AA /* UnitTestingViewModel.swift */; };
		04FB80962B39E7010069791C /* SwiftfulThinkingAdvancedTests.swift in Sources */ = {isa = PBXBuildFile; fileRef = 04FB80952B39E7010069791C /* SwiftfulThinkingAdvancedTests.swift */; };
		04FB809E2B39E7570069791C /* UnitTestingViewModel_Test.swift in Sources */ = {isa = PBXBuildFile; fileRef = 04FB809D2B39E7570069791C /* UnitTestingViewModel_Test.swift */; };
/* End PBXBuildFile section */

/* Begin PBXContainerItemProxy section */
		04F5D0B32B30A41500B854AA /* PBXContainerItemProxy */ = {
			isa = PBXContainerItemProxy;
			containerPortal = 0459AB1D2ACBD4F700C85AEA /* Project object */;
			proxyType = 1;
			remoteGlobalIDString = 0459AB242ACBD4F700C85AEA;
			remoteInfo = SwiftfulThinkingAdvanced;
		};
		04FB80972B39E7010069791C /* PBXContainerItemProxy */ = {
			isa = PBXContainerItemProxy;
			containerPortal = 0459AB1D2ACBD4F700C85AEA /* Project object */;
			proxyType = 1;
			remoteGlobalIDString = 0459AB242ACBD4F700C85AEA;
			remoteInfo = SwiftfulThinkingAdvanced;
		};
/* End PBXContainerItemProxy section */

/* Begin PBXFileReference section */
		0459AB252ACBD4F700C85AEA /* SwiftfulThinkingAdvanced.app */ = {isa = PBXFileReference; explicitFileType = wrapper.application; includeInIndex = 0; path = SwiftfulThinkingAdvanced.app; sourceTree = BUILT_PRODUCTS_DIR; };
		0459AB282ACBD4F700C85AEA /* SwiftfulThinkingAdvancedApp.swift */ = {isa = PBXFileReference; lastKnownFileType = sourcecode.swift; path = SwiftfulThinkingAdvancedApp.swift; sourceTree = "<group>"; };
		0459AB2C2ACBD4F900C85AEA /* Assets.xcassets */ = {isa = PBXFileReference; lastKnownFileType = folder.assetcatalog; path = Assets.xcassets; sourceTree = "<group>"; };
		0459AB2F2ACBD4F900C85AEA /* Preview Assets.xcassets */ = {isa = PBXFileReference; lastKnownFileType = folder.assetcatalog; path = "Preview Assets.xcassets"; sourceTree = "<group>"; };
		0459AB362ACBD51700C85AEA /* ViewModifierBootcamp.swift */ = {isa = PBXFileReference; lastKnownFileType = sourcecode.swift; path = ViewModifierBootcamp.swift; sourceTree = "<group>"; };
		0459AB382ACBDA8B00C85AEA /* ButtonStyleBootcamp.swift */ = {isa = PBXFileReference; lastKnownFileType = sourcecode.swift; path = ButtonStyleBootcamp.swift; sourceTree = "<group>"; };
		0459AB3A2ACBE27400C85AEA /* AnyTransitionView.swift */ = {isa = PBXFileReference; lastKnownFileType = sourcecode.swift; path = AnyTransitionView.swift; sourceTree = "<group>"; };
		0459AB3E2ACBF56D00C85AEA /* GenericsBootcamp.swift */ = {isa = PBXFileReference; lastKnownFileType = sourcecode.swift; path = GenericsBootcamp.swift; sourceTree = "<group>"; };
		0459AB402ACBFA6900C85AEA /* ViewBuilderBotcamp.swift */ = {isa = PBXFileReference; lastKnownFileType = sourcecode.swift; path = ViewBuilderBotcamp.swift; sourceTree = "<group>"; };
		0466FCAB2AD9992800F9CEE5 /* AppNavBarView.swift */ = {isa = PBXFileReference; lastKnownFileType = sourcecode.swift; path = AppNavBarView.swift; sourceTree = "<group>"; };
		049C65512B06749A004F7787 /* CustomCurves.swift */ = {isa = PBXFileReference; lastKnownFileType = sourcecode.swift; path = CustomCurves.swift; sourceTree = "<group>"; };
		049C65532B0DDB2C004F7787 /* AnimateableData.swift */ = {isa = PBXFileReference; lastKnownFileType = sourcecode.swift; path = AnimateableData.swift; sourceTree = "<group>"; };
		04F171FE2AFE72D000250DFD /* MatchedGeometryEffectBootcamp.swift */ = {isa = PBXFileReference; lastKnownFileType = sourcecode.swift; path = MatchedGeometryEffectBootcamp.swift; sourceTree = "<group>"; };
		04F172002AFE75DF00250DFD /* CustomShapes.swift */ = {isa = PBXFileReference; lastKnownFileType = sourcecode.swift; path = CustomShapes.swift; sourceTree = "<group>"; };
		04F5D0822B1B725500B854AA /* PreferenceKeyBootcamp.swift */ = {isa = PBXFileReference; lastKnownFileType = sourcecode.swift; path = PreferenceKeyBootcamp.swift; sourceTree = "<group>"; };
		04F5D0852B1B824600B854AA /* GeometryPreferenceKeyBootcamp.swift */ = {isa = PBXFileReference; lastKnownFileType = sourcecode.swift; path = GeometryPreferenceKeyBootcamp.swift; sourceTree = "<group>"; };
		04F5D0872B1BA61600B854AA /* ScrollViewOffsetPreferenceKeyBootcamp.swift */ = {isa = PBXFileReference; lastKnownFileType = sourcecode.swift; path = ScrollViewOffsetPreferenceKeyBootcamp.swift; sourceTree = "<group>"; };
		04F5D0892B26F7F700B854AA /* AppTabBarView.swift */ = {isa = PBXFileReference; lastKnownFileType = sourcecode.swift; path = AppTabBarView.swift; sourceTree = "<group>"; };
		04F5D08B2B26FB4D00B854AA /* CustomTabBarView.swift */ = {isa = PBXFileReference; lastKnownFileType = sourcecode.swift; path = CustomTabBarView.swift; sourceTree = "<group>"; };
		04F5D08D2B27122800B854AA /* CustobTabBarContainerView.swift */ = {isa = PBXFileReference; lastKnownFileType = sourcecode.swift; path = CustobTabBarContainerView.swift; sourceTree = "<group>"; };
		04F5D08F2B271D4A00B854AA /* TabBarItemsPreferenceKey.swift */ = {isa = PBXFileReference; lastKnownFileType = sourcecode.swift; path = TabBarItemsPreferenceKey.swift; sourceTree = "<group>"; };
		04F5D0912B2722CD00B854AA /* TabBarItem.swift */ = {isa = PBXFileReference; lastKnownFileType = sourcecode.swift; path = TabBarItem.swift; sourceTree = "<group>"; };
		04F5D0942B29BF2100B854AA /* CustomNavBarView.swift */ = {isa = PBXFileReference; lastKnownFileType = sourcecode.swift; path = CustomNavBarView.swift; sourceTree = "<group>"; };
		04F5D0962B2AE34700B854AA /* CustomNavBarContainerView.swift */ = {isa = PBXFileReference; lastKnownFileType = sourcecode.swift; path = CustomNavBarContainerView.swift; sourceTree = "<group>"; };
		04F5D0982B2AE78800B854AA /* CustomNavView.swift */ = {isa = PBXFileReference; lastKnownFileType = sourcecode.swift; path = CustomNavView.swift; sourceTree = "<group>"; };
		04F5D09A2B2AEACF00B854AA /* CustomNavLink.swift */ = {isa = PBXFileReference; lastKnownFileType = sourcecode.swift; path = CustomNavLink.swift; sourceTree = "<group>"; };
		04F5D09C2B2AF3A800B854AA /* CustomNavBarPreferenceKey.swift */ = {isa = PBXFileReference; lastKnownFileType = sourcecode.swift; path = CustomNavBarPreferenceKey.swift; sourceTree = "<group>"; };
		04F5D09E2B2B1ED200B854AA /* UIViewRepresentableBootcamp.swift */ = {isa = PBXFileReference; lastKnownFileType = sourcecode.swift; path = UIViewRepresentableBootcamp.swift; sourceTree = "<group>"; };
		04F5D0A02B2B37F800B854AA /* UIViewControllerRepresentableBootcamp.swift */ = {isa = PBXFileReference; lastKnownFileType = sourcecode.swift; path = UIViewControllerRepresentableBootcamp.swift; sourceTree = "<group>"; };
		04F5D0A22B2C29CE00B854AA /* ProtocolBootcamp.swift */ = {isa = PBXFileReference; lastKnownFileType = sourcecode.swift; path = ProtocolBootcamp.swift; sourceTree = "<group>"; };
		04F5D0A42B305E4400B854AA /* DependencyInjectionBootcamp.swift */ = {isa = PBXFileReference; lastKnownFileType = sourcecode.swift; path = DependencyInjectionBootcamp.swift; sourceTree = "<group>"; };
		04F5D0A72B309F2100B854AA /* UnitTestingView.swift */ = {isa = PBXFileReference; lastKnownFileType = sourcecode.swift; path = UnitTestingView.swift; sourceTree = "<group>"; };
		04F5D0A92B30A20700B854AA /* UnitTestingViewModel.swift */ = {isa = PBXFileReference; lastKnownFileType = sourcecode.swift; path = UnitTestingViewModel.swift; sourceTree = "<group>"; };
		04F5D0AF2B30A41500B854AA /* SwiftfulThinkingAdvanced_Tests.xctest */ = {isa = PBXFileReference; explicitFileType = wrapper.cfbundle; includeInIndex = 0; path = SwiftfulThinkingAdvanced_Tests.xctest; sourceTree = BUILT_PRODUCTS_DIR; };
		04FB80932B39E7010069791C /* SwiftfulThinkingAdvancedTests.xctest */ = {isa = PBXFileReference; explicitFileType = wrapper.cfbundle; includeInIndex = 0; path = SwiftfulThinkingAdvancedTests.xctest; sourceTree = BUILT_PRODUCTS_DIR; };
		04FB80952B39E7010069791C /* SwiftfulThinkingAdvancedTests.swift */ = {isa = PBXFileReference; lastKnownFileType = sourcecode.swift; path = SwiftfulThinkingAdvancedTests.swift; sourceTree = "<group>"; };
		04FB809D2B39E7570069791C /* UnitTestingViewModel_Test.swift */ = {isa = PBXFileReference; lastKnownFileType = sourcecode.swift; path = UnitTestingViewModel_Test.swift; sourceTree = "<group>"; };
/* End PBXFileReference section */

/* Begin PBXFrameworksBuildPhase section */
		0459AB222ACBD4F700C85AEA /* Frameworks */ = {
			isa = PBXFrameworksBuildPhase;
			buildActionMask = 2147483647;
			files = (
			);
			runOnlyForDeploymentPostprocessing = 0;
		};
		04F5D0AC2B30A41500B854AA /* Frameworks */ = {
			isa = PBXFrameworksBuildPhase;
			buildActionMask = 2147483647;
			files = (
			);
			runOnlyForDeploymentPostprocessing = 0;
		};
		04FB80902B39E7010069791C /* Frameworks */ = {
			isa = PBXFrameworksBuildPhase;
			buildActionMask = 2147483647;
			files = (
			);
			runOnlyForDeploymentPostprocessing = 0;
		};
/* End PBXFrameworksBuildPhase section */

/* Begin PBXGroup section */
		0459AB1C2ACBD4F700C85AEA = {
			isa = PBXGroup;
			children = (
				0459AB272ACBD4F700C85AEA /* SwiftfulThinkingAdvanced */,
				04FB80942B39E7010069791C /* SwiftfulThinkingAdvancedTests */,
				0459AB262ACBD4F700C85AEA /* Products */,
			);
			sourceTree = "<group>";
		};
		0459AB262ACBD4F700C85AEA /* Products */ = {
			isa = PBXGroup;
			children = (
				0459AB252ACBD4F700C85AEA /* SwiftfulThinkingAdvanced.app */,
				04F5D0AF2B30A41500B854AA /* SwiftfulThinkingAdvanced_Tests.xctest */,
				04FB80932B39E7010069791C /* SwiftfulThinkingAdvancedTests.xctest */,
			);
			name = Products;
			sourceTree = "<group>";
		};
		0459AB272ACBD4F700C85AEA /* SwiftfulThinkingAdvanced */ = {
			isa = PBXGroup;
			children = (
				0459AB282ACBD4F700C85AEA /* SwiftfulThinkingAdvancedApp.swift */,
				0459AB362ACBD51700C85AEA /* ViewModifierBootcamp.swift */,
				0459AB382ACBDA8B00C85AEA /* ButtonStyleBootcamp.swift */,
				0459AB3A2ACBE27400C85AEA /* AnyTransitionView.swift */,
				04F171FE2AFE72D000250DFD /* MatchedGeometryEffectBootcamp.swift */,
				04F172002AFE75DF00250DFD /* CustomShapes.swift */,
				049C65512B06749A004F7787 /* CustomCurves.swift */,
				049C65532B0DDB2C004F7787 /* AnimateableData.swift */,
				0459AB3E2ACBF56D00C85AEA /* GenericsBootcamp.swift */,
				0459AB402ACBFA6900C85AEA /* ViewBuilderBotcamp.swift */,
				04F5D0842B1B820F00B854AA /* PreferenceKeyBootcamp */,
				0466FCAA2AD9991200F9CEE5 /* CustomTabBar */,
				04F5D0932B29B67900B854AA /* CustomNavBar */,
				04F5D09E2B2B1ED200B854AA /* UIViewRepresentableBootcamp.swift */,
				04F5D0A02B2B37F800B854AA /* UIViewControllerRepresentableBootcamp.swift */,
				04F5D0A22B2C29CE00B854AA /* ProtocolBootcamp.swift */,
				04F5D0A42B305E4400B854AA /* DependencyInjectionBootcamp.swift */,
				04F5D0A62B309E4200B854AA /* UnitTesting */,
				0459AB2C2ACBD4F900C85AEA /* Assets.xcassets */,
				0459AB2E2ACBD4F900C85AEA /* Preview Content */,
			);
			path = SwiftfulThinkingAdvanced;
			sourceTree = "<group>";
		};
		0459AB2E2ACBD4F900C85AEA /* Preview Content */ = {
			isa = PBXGroup;
			children = (
				0459AB2F2ACBD4F900C85AEA /* Preview Assets.xcassets */,
			);
			path = "Preview Content";
			sourceTree = "<group>";
		};
		0466FCAA2AD9991200F9CEE5 /* CustomTabBar */ = {
			isa = PBXGroup;
			children = (
				04F5D0892B26F7F700B854AA /* AppTabBarView.swift */,
				04F5D08B2B26FB4D00B854AA /* CustomTabBarView.swift */,
				04F5D08D2B27122800B854AA /* CustobTabBarContainerView.swift */,
				04F5D08F2B271D4A00B854AA /* TabBarItemsPreferenceKey.swift */,
				04F5D0912B2722CD00B854AA /* TabBarItem.swift */,
			);
			path = CustomTabBar;
			sourceTree = "<group>";
		};
		04F5D0842B1B820F00B854AA /* PreferenceKeyBootcamp */ = {
			isa = PBXGroup;
			children = (
				04F5D0822B1B725500B854AA /* PreferenceKeyBootcamp.swift */,
				04F5D0852B1B824600B854AA /* GeometryPreferenceKeyBootcamp.swift */,
				04F5D0872B1BA61600B854AA /* ScrollViewOffsetPreferenceKeyBootcamp.swift */,
			);
			path = PreferenceKeyBootcamp;
			sourceTree = "<group>";
		};
		04F5D0932B29B67900B854AA /* CustomNavBar */ = {
			isa = PBXGroup;
			children = (
				0466FCAB2AD9992800F9CEE5 /* AppNavBarView.swift */,
				04F5D0982B2AE78800B854AA /* CustomNavView.swift */,
				04F5D0942B29BF2100B854AA /* CustomNavBarView.swift */,
				04F5D0962B2AE34700B854AA /* CustomNavBarContainerView.swift */,
				04F5D09A2B2AEACF00B854AA /* CustomNavLink.swift */,
				04F5D09C2B2AF3A800B854AA /* CustomNavBarPreferenceKey.swift */,
			);
			path = CustomNavBar;
			sourceTree = "<group>";
		};
		04F5D0A62B309E4200B854AA /* UnitTesting */ = {
			isa = PBXGroup;
			children = (
				04F5D0A72B309F2100B854AA /* UnitTestingView.swift */,
				04F5D0A92B30A20700B854AA /* UnitTestingViewModel.swift */,
			);
			path = UnitTesting;
			sourceTree = "<group>";
		};
		04FB80942B39E7010069791C /* SwiftfulThinkingAdvancedTests */ = {
			isa = PBXGroup;
			children = (
				04FB80952B39E7010069791C /* SwiftfulThinkingAdvancedTests.swift */,
				04FB809D2B39E7570069791C /* UnitTestingViewModel_Test.swift */,
			);
			path = SwiftfulThinkingAdvancedTests;
			sourceTree = "<group>";
		};
/* End PBXGroup section */

/* Begin PBXNativeTarget section */
		0459AB242ACBD4F700C85AEA /* SwiftfulThinkingAdvanced */ = {
			isa = PBXNativeTarget;
			buildConfigurationList = 0459AB332ACBD4F900C85AEA /* Build configuration list for PBXNativeTarget "SwiftfulThinkingAdvanced" */;
			buildPhases = (
				0459AB212ACBD4F700C85AEA /* Sources */,
				0459AB222ACBD4F700C85AEA /* Frameworks */,
				0459AB232ACBD4F700C85AEA /* Resources */,
			);
			buildRules = (
			);
			dependencies = (
			);
			name = SwiftfulThinkingAdvanced;
			productName = SwiftfulThinkingAdvanced;
			productReference = 0459AB252ACBD4F700C85AEA /* SwiftfulThinkingAdvanced.app */;
			productType = "com.apple.product-type.application";
		};
		04F5D0AE2B30A41500B854AA /* SwiftfulThinkingAdvanced_Tests */ = {
			isa = PBXNativeTarget;
			buildConfigurationList = 04F5D0B52B30A41500B854AA /* Build configuration list for PBXNativeTarget "SwiftfulThinkingAdvanced_Tests" */;
			buildPhases = (
				04F5D0AB2B30A41500B854AA /* Sources */,
				04F5D0AC2B30A41500B854AA /* Frameworks */,
				04F5D0AD2B30A41500B854AA /* Resources */,
			);
			buildRules = (
			);
			dependencies = (
				04F5D0B42B30A41500B854AA /* PBXTargetDependency */,
			);
			name = SwiftfulThinkingAdvanced_Tests;
			productName = SwiftfulThinkingAdvanced_Tests;
			productReference = 04F5D0AF2B30A41500B854AA /* SwiftfulThinkingAdvanced_Tests.xctest */;
			productType = "com.apple.product-type.bundle.unit-test";
		};
		04FB80922B39E7010069791C /* SwiftfulThinkingAdvancedTests */ = {
			isa = PBXNativeTarget;
			buildConfigurationList = 04FB809B2B39E7010069791C /* Build configuration list for PBXNativeTarget "SwiftfulThinkingAdvancedTests" */;
			buildPhases = (
				04FB808F2B39E7010069791C /* Sources */,
				04FB80902B39E7010069791C /* Frameworks */,
				04FB80912B39E7010069791C /* Resources */,
			);
			buildRules = (
			);
			dependencies = (
				04FB80982B39E7010069791C /* PBXTargetDependency */,
			);
			name = SwiftfulThinkingAdvancedTests;
			productName = SwiftfulThinkingAdvancedTests;
			productReference = 04FB80932B39E7010069791C /* SwiftfulThinkingAdvancedTests.xctest */;
			productType = "com.apple.product-type.bundle.unit-test";
		};
/* End PBXNativeTarget section */

/* Begin PBXProject section */
		0459AB1D2ACBD4F700C85AEA /* Project object */ = {
			isa = PBXProject;
			attributes = {
				BuildIndependentTargetsInParallel = 1;
				LastSwiftUpdateCheck = 1510;
				LastUpgradeCheck = 1500;
				TargetAttributes = {
					0459AB242ACBD4F700C85AEA = {
						CreatedOnToolsVersion = 14.3.1;
					};
					04F5D0AE2B30A41500B854AA = {
						CreatedOnToolsVersion = 15.0.1;
						TestTargetID = 0459AB242ACBD4F700C85AEA;
					};
					04FB80922B39E7010069791C = {
						CreatedOnToolsVersion = 15.1;
						TestTargetID = 0459AB242ACBD4F700C85AEA;
					};
				};
			};
			buildConfigurationList = 0459AB202ACBD4F700C85AEA /* Build configuration list for PBXProject "SwiftfulThinkingAdvanced" */;
			compatibilityVersion = "Xcode 14.0";
			developmentRegion = en;
			hasScannedForEncodings = 0;
			knownRegions = (
				en,
				Base,
			);
			mainGroup = 0459AB1C2ACBD4F700C85AEA;
			productRefGroup = 0459AB262ACBD4F700C85AEA /* Products */;
			projectDirPath = "";
			projectRoot = "";
			targets = (
				0459AB242ACBD4F700C85AEA /* SwiftfulThinkingAdvanced */,
				04F5D0AE2B30A41500B854AA /* SwiftfulThinkingAdvanced_Tests */,
				04FB80922B39E7010069791C /* SwiftfulThinkingAdvancedTests */,
			);
		};
/* End PBXProject section */

/* Begin PBXResourcesBuildPhase section */
		0459AB232ACBD4F700C85AEA /* Resources */ = {
			isa = PBXResourcesBuildPhase;
			buildActionMask = 2147483647;
			files = (
				0459AB302ACBD4F900C85AEA /* Preview Assets.xcassets in Resources */,
				0459AB2D2ACBD4F900C85AEA /* Assets.xcassets in Resources */,
			);
			runOnlyForDeploymentPostprocessing = 0;
		};
		04F5D0AD2B30A41500B854AA /* Resources */ = {
			isa = PBXResourcesBuildPhase;
			buildActionMask = 2147483647;
			files = (
			);
			runOnlyForDeploymentPostprocessing = 0;
		};
		04FB80912B39E7010069791C /* Resources */ = {
			isa = PBXResourcesBuildPhase;
			buildActionMask = 2147483647;
			files = (
			);
			runOnlyForDeploymentPostprocessing = 0;
		};
/* End PBXResourcesBuildPhase section */

/* Begin PBXSourcesBuildPhase section */
		0459AB212ACBD4F700C85AEA /* Sources */ = {
			isa = PBXSourcesBuildPhase;
			buildActionMask = 2147483647;
			files = (
				04F5D08E2B27122800B854AA /* CustobTabBarContainerView.swift in Sources */,
				0459AB392ACBDA8B00C85AEA /* ButtonStyleBootcamp.swift in Sources */,
				04F5D0A82B309F2100B854AA /* UnitTestingView.swift in Sources */,
				0466FCAC2AD9992800F9CEE5 /* AppNavBarView.swift in Sources */,
				04F5D09F2B2B1ED200B854AA /* UIViewRepresentableBootcamp.swift in Sources */,
				04F5D08A2B26F7F700B854AA /* AppTabBarView.swift in Sources */,
				0459AB3B2ACBE27400C85AEA /* AnyTransitionView.swift in Sources */,
				04F5D08C2B26FB4D00B854AA /* CustomTabBarView.swift in Sources */,
				04F172012AFE75DF00250DFD /* CustomShapes.swift in Sources */,
				0459AB3F2ACBF56D00C85AEA /* GenericsBootcamp.swift in Sources */,
				04F5D0862B1B824600B854AA /* GeometryPreferenceKeyBootcamp.swift in Sources */,
				04F5D0992B2AE78800B854AA /* CustomNavView.swift in Sources */,
				04F5D0952B29BF2100B854AA /* CustomNavBarView.swift in Sources */,
				04F5D0A32B2C29CE00B854AA /* ProtocolBootcamp.swift in Sources */,
				04F171FF2AFE72D000250DFD /* MatchedGeometryEffectBootcamp.swift in Sources */,
				04F5D0AA2B30A20700B854AA /* UnitTestingViewModel.swift in Sources */,
				04F5D0832B1B725500B854AA /* PreferenceKeyBootcamp.swift in Sources */,
				04F5D0A12B2B37F800B854AA /* UIViewControllerRepresentableBootcamp.swift in Sources */,
				04F5D09B2B2AEACF00B854AA /* CustomNavLink.swift in Sources */,
				0459AB372ACBD51800C85AEA /* ViewModifierBootcamp.swift in Sources */,
				04F5D09D2B2AF3A800B854AA /* CustomNavBarPreferenceKey.swift in Sources */,
				0459AB412ACBFA6900C85AEA /* ViewBuilderBotcamp.swift in Sources */,
				04F5D0922B2722CD00B854AA /* TabBarItem.swift in Sources */,
				04F5D0A52B305E4400B854AA /* DependencyInjectionBootcamp.swift in Sources */,
				049C65522B06749A004F7787 /* CustomCurves.swift in Sources */,
				049C65542B0DDB2C004F7787 /* AnimateableData.swift in Sources */,
				04F5D0972B2AE34700B854AA /* CustomNavBarContainerView.swift in Sources */,
				04F5D0902B271D4A00B854AA /* TabBarItemsPreferenceKey.swift in Sources */,
				04F5D0882B1BA61600B854AA /* ScrollViewOffsetPreferenceKeyBootcamp.swift in Sources */,
				0459AB292ACBD4F700C85AEA /* SwiftfulThinkingAdvancedApp.swift in Sources */,
			);
			runOnlyForDeploymentPostprocessing = 0;
		};
		04F5D0AB2B30A41500B854AA /* Sources */ = {
			isa = PBXSourcesBuildPhase;
			buildActionMask = 2147483647;
			files = (
			);
			runOnlyForDeploymentPostprocessing = 0;
		};
		04FB808F2B39E7010069791C /* Sources */ = {
			isa = PBXSourcesBuildPhase;
			buildActionMask = 2147483647;
			files = (
				04FB809E2B39E7570069791C /* UnitTestingViewModel_Test.swift in Sources */,
				04FB80962B39E7010069791C /* SwiftfulThinkingAdvancedTests.swift in Sources */,
			);
			runOnlyForDeploymentPostprocessing = 0;
		};
/* End PBXSourcesBuildPhase section */

/* Begin PBXTargetDependency section */
		04F5D0B42B30A41500B854AA /* PBXTargetDependency */ = {
			isa = PBXTargetDependency;
			target = 0459AB242ACBD4F700C85AEA /* SwiftfulThinkingAdvanced */;
			targetProxy = 04F5D0B32B30A41500B854AA /* PBXContainerItemProxy */;
		};
		04FB80982B39E7010069791C /* PBXTargetDependency */ = {
			isa = PBXTargetDependency;
			target = 0459AB242ACBD4F700C85AEA /* SwiftfulThinkingAdvanced */;
			targetProxy = 04FB80972B39E7010069791C /* PBXContainerItemProxy */;
		};
/* End PBXTargetDependency section */

/* Begin XCBuildConfiguration section */
		0459AB312ACBD4F900C85AEA /* Debug */ = {
			isa = XCBuildConfiguration;
			buildSettings = {
				ALWAYS_SEARCH_USER_PATHS = NO;
				CLANG_ANALYZER_NONNULL = YES;
				CLANG_ANALYZER_NUMBER_OBJECT_CONVERSION = YES_AGGRESSIVE;
				CLANG_CXX_LANGUAGE_STANDARD = "gnu++20";
				CLANG_ENABLE_MODULES = YES;
				CLANG_ENABLE_OBJC_ARC = YES;
				CLANG_ENABLE_OBJC_WEAK = YES;
				CLANG_WARN_BLOCK_CAPTURE_AUTORELEASING = YES;
				CLANG_WARN_BOOL_CONVERSION = YES;
				CLANG_WARN_COMMA = YES;
				CLANG_WARN_CONSTANT_CONVERSION = YES;
				CLANG_WARN_DEPRECATED_OBJC_IMPLEMENTATIONS = YES;
				CLANG_WARN_DIRECT_OBJC_ISA_USAGE = YES_ERROR;
				CLANG_WARN_DOCUMENTATION_COMMENTS = YES;
				CLANG_WARN_EMPTY_BODY = YES;
				CLANG_WARN_ENUM_CONVERSION = YES;
				CLANG_WARN_INFINITE_RECURSION = YES;
				CLANG_WARN_INT_CONVERSION = YES;
				CLANG_WARN_NON_LITERAL_NULL_CONVERSION = YES;
				CLANG_WARN_OBJC_IMPLICIT_RETAIN_SELF = YES;
				CLANG_WARN_OBJC_LITERAL_CONVERSION = YES;
				CLANG_WARN_OBJC_ROOT_CLASS = YES_ERROR;
				CLANG_WARN_QUOTED_INCLUDE_IN_FRAMEWORK_HEADER = YES;
				CLANG_WARN_RANGE_LOOP_ANALYSIS = YES;
				CLANG_WARN_STRICT_PROTOTYPES = YES;
				CLANG_WARN_SUSPICIOUS_MOVE = YES;
				CLANG_WARN_UNGUARDED_AVAILABILITY = YES_AGGRESSIVE;
				CLANG_WARN_UNREACHABLE_CODE = YES;
				CLANG_WARN__DUPLICATE_METHOD_MATCH = YES;
				COPY_PHASE_STRIP = NO;
				DEBUG_INFORMATION_FORMAT = dwarf;
				ENABLE_STRICT_OBJC_MSGSEND = YES;
				ENABLE_TESTABILITY = YES;
				GCC_C_LANGUAGE_STANDARD = gnu11;
				GCC_DYNAMIC_NO_PIC = NO;
				GCC_NO_COMMON_BLOCKS = YES;
				GCC_OPTIMIZATION_LEVEL = 0;
				GCC_PREPROCESSOR_DEFINITIONS = (
					"DEBUG=1",
					"$(inherited)",
				);
				GCC_WARN_64_TO_32_BIT_CONVERSION = YES;
				GCC_WARN_ABOUT_RETURN_TYPE = YES_ERROR;
				GCC_WARN_UNDECLARED_SELECTOR = YES;
				GCC_WARN_UNINITIALIZED_AUTOS = YES_AGGRESSIVE;
				GCC_WARN_UNUSED_FUNCTION = YES;
				GCC_WARN_UNUSED_VARIABLE = YES;
				IPHONEOS_DEPLOYMENT_TARGET = 16.4;
				MTL_ENABLE_DEBUG_INFO = INCLUDE_SOURCE;
				MTL_FAST_MATH = YES;
				ONLY_ACTIVE_ARCH = YES;
				SDKROOT = iphoneos;
				SWIFT_ACTIVE_COMPILATION_CONDITIONS = DEBUG;
				SWIFT_OPTIMIZATION_LEVEL = "-Onone";
			};
			name = Debug;
		};
		0459AB322ACBD4F900C85AEA /* Release */ = {
			isa = XCBuildConfiguration;
			buildSettings = {
				ALWAYS_SEARCH_USER_PATHS = NO;
				CLANG_ANALYZER_NONNULL = YES;
				CLANG_ANALYZER_NUMBER_OBJECT_CONVERSION = YES_AGGRESSIVE;
				CLANG_CXX_LANGUAGE_STANDARD = "gnu++20";
				CLANG_ENABLE_MODULES = YES;
				CLANG_ENABLE_OBJC_ARC = YES;
				CLANG_ENABLE_OBJC_WEAK = YES;
				CLANG_WARN_BLOCK_CAPTURE_AUTORELEASING = YES;
				CLANG_WARN_BOOL_CONVERSION = YES;
				CLANG_WARN_COMMA = YES;
				CLANG_WARN_CONSTANT_CONVERSION = YES;
				CLANG_WARN_DEPRECATED_OBJC_IMPLEMENTATIONS = YES;
				CLANG_WARN_DIRECT_OBJC_ISA_USAGE = YES_ERROR;
				CLANG_WARN_DOCUMENTATION_COMMENTS = YES;
				CLANG_WARN_EMPTY_BODY = YES;
				CLANG_WARN_ENUM_CONVERSION = YES;
				CLANG_WARN_INFINITE_RECURSION = YES;
				CLANG_WARN_INT_CONVERSION = YES;
				CLANG_WARN_NON_LITERAL_NULL_CONVERSION = YES;
				CLANG_WARN_OBJC_IMPLICIT_RETAIN_SELF = YES;
				CLANG_WARN_OBJC_LITERAL_CONVERSION = YES;
				CLANG_WARN_OBJC_ROOT_CLASS = YES_ERROR;
				CLANG_WARN_QUOTED_INCLUDE_IN_FRAMEWORK_HEADER = YES;
				CLANG_WARN_RANGE_LOOP_ANALYSIS = YES;
				CLANG_WARN_STRICT_PROTOTYPES = YES;
				CLANG_WARN_SUSPICIOUS_MOVE = YES;
				CLANG_WARN_UNGUARDED_AVAILABILITY = YES_AGGRESSIVE;
				CLANG_WARN_UNREACHABLE_CODE = YES;
				CLANG_WARN__DUPLICATE_METHOD_MATCH = YES;
				COPY_PHASE_STRIP = NO;
				DEBUG_INFORMATION_FORMAT = "dwarf-with-dsym";
				ENABLE_NS_ASSERTIONS = NO;
				ENABLE_STRICT_OBJC_MSGSEND = YES;
				GCC_C_LANGUAGE_STANDARD = gnu11;
				GCC_NO_COMMON_BLOCKS = YES;
				GCC_WARN_64_TO_32_BIT_CONVERSION = YES;
				GCC_WARN_ABOUT_RETURN_TYPE = YES_ERROR;
				GCC_WARN_UNDECLARED_SELECTOR = YES;
				GCC_WARN_UNINITIALIZED_AUTOS = YES_AGGRESSIVE;
				GCC_WARN_UNUSED_FUNCTION = YES;
				GCC_WARN_UNUSED_VARIABLE = YES;
				IPHONEOS_DEPLOYMENT_TARGET = 16.4;
				MTL_ENABLE_DEBUG_INFO = NO;
				MTL_FAST_MATH = YES;
				SDKROOT = iphoneos;
				SWIFT_COMPILATION_MODE = wholemodule;
				SWIFT_OPTIMIZATION_LEVEL = "-O";
				VALIDATE_PRODUCT = YES;
			};
			name = Release;
		};
		0459AB342ACBD4F900C85AEA /* Debug */ = {
			isa = XCBuildConfiguration;
			buildSettings = {
				ASSETCATALOG_COMPILER_APPICON_NAME = AppIcon;
				ASSETCATALOG_COMPILER_GLOBAL_ACCENT_COLOR_NAME = AccentColor;
				CODE_SIGN_STYLE = Automatic;
				CURRENT_PROJECT_VERSION = 1;
				DEVELOPMENT_ASSET_PATHS = "\"SwiftfulThinkingAdvanced/Preview Content\"";
				DEVELOPMENT_TEAM = KC9TW94N9S;
				ENABLE_PREVIEWS = YES;
				GENERATE_INFOPLIST_FILE = YES;
				INFOPLIST_KEY_UIApplicationSceneManifest_Generation = YES;
				INFOPLIST_KEY_UIApplicationSupportsIndirectInputEvents = YES;
				INFOPLIST_KEY_UILaunchScreen_Generation = YES;
				INFOPLIST_KEY_UISupportedInterfaceOrientations_iPad = "UIInterfaceOrientationPortrait UIInterfaceOrientationPortraitUpsideDown UIInterfaceOrientationLandscapeLeft UIInterfaceOrientationLandscapeRight";
				INFOPLIST_KEY_UISupportedInterfaceOrientations_iPhone = "UIInterfaceOrientationPortrait UIInterfaceOrientationLandscapeLeft UIInterfaceOrientationLandscapeRight";
				LD_RUNPATH_SEARCH_PATHS = (
					"$(inherited)",
					"@executable_path/Frameworks",
				);
				MARKETING_VERSION = 1.0;
				PRODUCT_BUNDLE_IDENTIFIER = com.sanatillayev.SwiftfulThinkingAdvanced;
				PRODUCT_NAME = "$(TARGET_NAME)";
				SWIFT_EMIT_LOC_STRINGS = YES;
				SWIFT_VERSION = 5.0;
				TARGETED_DEVICE_FAMILY = "1,2";
			};
			name = Debug;
		};
		0459AB352ACBD4F900C85AEA /* Release */ = {
			isa = XCBuildConfiguration;
			buildSettings = {
				ASSETCATALOG_COMPILER_APPICON_NAME = AppIcon;
				ASSETCATALOG_COMPILER_GLOBAL_ACCENT_COLOR_NAME = AccentColor;
				CODE_SIGN_STYLE = Automatic;
				CURRENT_PROJECT_VERSION = 1;
				DEVELOPMENT_ASSET_PATHS = "\"SwiftfulThinkingAdvanced/Preview Content\"";
				DEVELOPMENT_TEAM = KC9TW94N9S;
				ENABLE_PREVIEWS = YES;
				GENERATE_INFOPLIST_FILE = YES;
				INFOPLIST_KEY_UIApplicationSceneManifest_Generation = YES;
				INFOPLIST_KEY_UIApplicationSupportsIndirectInputEvents = YES;
				INFOPLIST_KEY_UILaunchScreen_Generation = YES;
				INFOPLIST_KEY_UISupportedInterfaceOrientations_iPad = "UIInterfaceOrientationPortrait UIInterfaceOrientationPortraitUpsideDown UIInterfaceOrientationLandscapeLeft UIInterfaceOrientationLandscapeRight";
				INFOPLIST_KEY_UISupportedInterfaceOrientations_iPhone = "UIInterfaceOrientationPortrait UIInterfaceOrientationLandscapeLeft UIInterfaceOrientationLandscapeRight";
				LD_RUNPATH_SEARCH_PATHS = (
					"$(inherited)",
					"@executable_path/Frameworks",
				);
				MARKETING_VERSION = 1.0;
				PRODUCT_BUNDLE_IDENTIFIER = com.sanatillayev.SwiftfulThinkingAdvanced;
				PRODUCT_NAME = "$(TARGET_NAME)";
				SWIFT_EMIT_LOC_STRINGS = YES;
				SWIFT_VERSION = 5.0;
				TARGETED_DEVICE_FAMILY = "1,2";
			};
			name = Release;
		};
		04F5D0B62B30A41500B854AA /* Debug */ = {
			isa = XCBuildConfiguration;
			buildSettings = {
				ASSETCATALOG_COMPILER_GENERATE_SWIFT_ASSET_SYMBOL_EXTENSIONS = YES;
				BUNDLE_LOADER = "$(TEST_HOST)";
				CODE_SIGN_STYLE = Automatic;
				CURRENT_PROJECT_VERSION = 1;
				DEVELOPMENT_TEAM = KC9TW94N9S;
				ENABLE_USER_SCRIPT_SANDBOXING = YES;
				GCC_C_LANGUAGE_STANDARD = gnu17;
				GENERATE_INFOPLIST_FILE = YES;
				IPHONEOS_DEPLOYMENT_TARGET = 16.4;
				LOCALIZATION_PREFERS_STRING_CATALOGS = YES;
				MARKETING_VERSION = 1.0;
				PRODUCT_BUNDLE_IDENTIFIER = "com.sanatillayev.SwiftfulThinkingAdvanced-Tests";
				PRODUCT_NAME = "$(TARGET_NAME)";
				SWIFT_ACTIVE_COMPILATION_CONDITIONS = "DEBUG $(inherited)";
				SWIFT_EMIT_LOC_STRINGS = NO;
				SWIFT_VERSION = 5.0;
				TARGETED_DEVICE_FAMILY = "1,2";
				TEST_HOST = "$(BUILT_PRODUCTS_DIR)/SwiftfulThinkingAdvanced.app/$(BUNDLE_EXECUTABLE_FOLDER_PATH)/SwiftfulThinkingAdvanced";
			};
			name = Debug;
		};
		04F5D0B72B30A41500B854AA /* Release */ = {
			isa = XCBuildConfiguration;
			buildSettings = {
				ASSETCATALOG_COMPILER_GENERATE_SWIFT_ASSET_SYMBOL_EXTENSIONS = YES;
				BUNDLE_LOADER = "$(TEST_HOST)";
				CODE_SIGN_STYLE = Automatic;
				CURRENT_PROJECT_VERSION = 1;
				DEVELOPMENT_TEAM = KC9TW94N9S;
				ENABLE_USER_SCRIPT_SANDBOXING = YES;
				GCC_C_LANGUAGE_STANDARD = gnu17;
				GENERATE_INFOPLIST_FILE = YES;
				IPHONEOS_DEPLOYMENT_TARGET = 16.4;
				LOCALIZATION_PREFERS_STRING_CATALOGS = YES;
				MARKETING_VERSION = 1.0;
				PRODUCT_BUNDLE_IDENTIFIER = "com.sanatillayev.SwiftfulThinkingAdvanced-Tests";
				PRODUCT_NAME = "$(TARGET_NAME)";
				SWIFT_EMIT_LOC_STRINGS = NO;
				SWIFT_VERSION = 5.0;
				TARGETED_DEVICE_FAMILY = "1,2";
				TEST_HOST = "$(BUILT_PRODUCTS_DIR)/SwiftfulThinkingAdvanced.app/$(BUNDLE_EXECUTABLE_FOLDER_PATH)/SwiftfulThinkingAdvanced";
			};
			name = Release;
		};
		04FB80992B39E7010069791C /* Debug */ = {
			isa = XCBuildConfiguration;
			buildSettings = {
				ASSETCATALOG_COMPILER_GENERATE_SWIFT_ASSET_SYMBOL_EXTENSIONS = YES;
				BUNDLE_LOADER = "$(TEST_HOST)";
				CODE_SIGN_STYLE = Automatic;
				CURRENT_PROJECT_VERSION = 1;
				DEVELOPMENT_TEAM = KC9TW94N9S;
				ENABLE_USER_SCRIPT_SANDBOXING = YES;
				GCC_C_LANGUAGE_STANDARD = gnu17;
				GENERATE_INFOPLIST_FILE = YES;
				IPHONEOS_DEPLOYMENT_TARGET = 17.2;
				LOCALIZATION_PREFERS_STRING_CATALOGS = YES;
				MARKETING_VERSION = 1.0;
				PRODUCT_BUNDLE_IDENTIFIER = com.sanatillayev.SwiftfulThinkingAdvancedTests;
				PRODUCT_NAME = "$(TARGET_NAME)";
				SWIFT_ACTIVE_COMPILATION_CONDITIONS = "DEBUG $(inherited)";
				SWIFT_EMIT_LOC_STRINGS = NO;
				SWIFT_VERSION = 5.0;
				TARGETED_DEVICE_FAMILY = "1,2";
				TEST_HOST = "$(BUILT_PRODUCTS_DIR)/SwiftfulThinkingAdvanced.app/$(BUNDLE_EXECUTABLE_FOLDER_PATH)/SwiftfulThinkingAdvanced";
			};
			name = Debug;
		};
		04FB809A2B39E7010069791C /* Release */ = {
			isa = XCBuildConfiguration;
			buildSettings = {
				ASSETCATALOG_COMPILER_GENERATE_SWIFT_ASSET_SYMBOL_EXTENSIONS = YES;
				BUNDLE_LOADER = "$(TEST_HOST)";
				CODE_SIGN_STYLE = Automatic;
				CURRENT_PROJECT_VERSION = 1;
				DEVELOPMENT_TEAM = KC9TW94N9S;
				ENABLE_USER_SCRIPT_SANDBOXING = YES;
				GCC_C_LANGUAGE_STANDARD = gnu17;
				GENERATE_INFOPLIST_FILE = YES;
				IPHONEOS_DEPLOYMENT_TARGET = 17.2;
				LOCALIZATION_PREFERS_STRING_CATALOGS = YES;
				MARKETING_VERSION = 1.0;
				PRODUCT_BUNDLE_IDENTIFIER = com.sanatillayev.SwiftfulThinkingAdvancedTests;
				PRODUCT_NAME = "$(TARGET_NAME)";
				SWIFT_EMIT_LOC_STRINGS = NO;
				SWIFT_VERSION = 5.0;
				TARGETED_DEVICE_FAMILY = "1,2";
				TEST_HOST = "$(BUILT_PRODUCTS_DIR)/SwiftfulThinkingAdvanced.app/$(BUNDLE_EXECUTABLE_FOLDER_PATH)/SwiftfulThinkingAdvanced";
			};
			name = Release;
		};
/* End XCBuildConfiguration section */

/* Begin XCConfigurationList section */
		0459AB202ACBD4F700C85AEA /* Build configuration list for PBXProject "SwiftfulThinkingAdvanced" */ = {
			isa = XCConfigurationList;
			buildConfigurations = (
				0459AB312ACBD4F900C85AEA /* Debug */,
				0459AB322ACBD4F900C85AEA /* Release */,
			);
			defaultConfigurationIsVisible = 0;
			defaultConfigurationName = Release;
		};
		0459AB332ACBD4F900C85AEA /* Build configuration list for PBXNativeTarget "SwiftfulThinkingAdvanced" */ = {
			isa = XCConfigurationList;
			buildConfigurations = (
				0459AB342ACBD4F900C85AEA /* Debug */,
				0459AB352ACBD4F900C85AEA /* Release */,
			);
			defaultConfigurationIsVisible = 0;
			defaultConfigurationName = Release;
		};
		04F5D0B52B30A41500B854AA /* Build configuration list for PBXNativeTarget "SwiftfulThinkingAdvanced_Tests" */ = {
			isa = XCConfigurationList;
			buildConfigurations = (
				04F5D0B62B30A41500B854AA /* Debug */,
				04F5D0B72B30A41500B854AA /* Release */,
			);
			defaultConfigurationIsVisible = 0;
			defaultConfigurationName = Release;
		};
		04FB809B2B39E7010069791C /* Build configuration list for PBXNativeTarget "SwiftfulThinkingAdvancedTests" */ = {
			isa = XCConfigurationList;
			buildConfigurations = (
				04FB80992B39E7010069791C /* Debug */,
				04FB809A2B39E7010069791C /* Release */,
			);
			defaultConfigurationIsVisible = 0;
			defaultConfigurationName = Release;
		};
/* End XCConfigurationList section */
	};
	rootObject = 0459AB1D2ACBD4F700C85AEA /* Project object */;
}
